// !$*UTF8*$!
{
	archiveVersion = 1;
	classes = {
	};
	objectVersion = 55;
	objects = {

/* Begin PBXBuildFile section */
		512F13DB276F8E4D007298B0 /* AppDelegate.swift in Sources */ = {isa = PBXBuildFile; fileRef = 512F13DA276F8E4D007298B0 /* AppDelegate.swift */; };
		512F13DD276F8E4D007298B0 /* SceneDelegate.swift in Sources */ = {isa = PBXBuildFile; fileRef = 512F13DC276F8E4D007298B0 /* SceneDelegate.swift */; };
		512F13DF276F8E4D007298B0 /* ViewController.swift in Sources */ = {isa = PBXBuildFile; fileRef = 512F13DE276F8E4D007298B0 /* ViewController.swift */; };
		512F13E4276F8E4E007298B0 /* Assets.xcassets in Resources */ = {isa = PBXBuildFile; fileRef = 512F13E3276F8E4E007298B0 /* Assets.xcassets */; };
		512F13E7276F8E4E007298B0 /* LaunchScreen.storyboard in Resources */ = {isa = PBXBuildFile; fileRef = 512F13E5276F8E4E007298B0 /* LaunchScreen.storyboard */; };
		512F13F2276F8F75007298B0 /* AppCoordinator.swift in Sources */ = {isa = PBXBuildFile; fileRef = 512F13F1276F8F75007298B0 /* AppCoordinator.swift */; };
		512F13F5276F909C007298B0 /* Colours.xcassets in Resources */ = {isa = PBXBuildFile; fileRef = 512F13F4276F909C007298B0 /* Colours.xcassets */; };
		512F13F8276F9123007298B0 /* DashboardViewController.swift in Sources */ = {isa = PBXBuildFile; fileRef = 512F13F7276F9123007298B0 /* DashboardViewController.swift */; };
		512F13FA276F91DD007298B0 /* Localizable.strings in Resources */ = {isa = PBXBuildFile; fileRef = 512F13F9276F91DD007298B0 /* Localizable.strings */; };
		512F13FD276F9231007298B0 /* String+Localisable.swift in Sources */ = {isa = PBXBuildFile; fileRef = 512F13FC276F9231007298B0 /* String+Localisable.swift */; };
		512F1401276F94D3007298B0 /* DashboardScoreView.swift in Sources */ = {isa = PBXBuildFile; fileRef = 512F1400276F94D3007298B0 /* DashboardScoreView.swift */; };
		512F1403276F950A007298B0 /* ProgressView.swift in Sources */ = {isa = PBXBuildFile; fileRef = 512F1402276F950A007298B0 /* ProgressView.swift */; };
		512F1405276F95E2007298B0 /* UIView+Constraints.swift in Sources */ = {isa = PBXBuildFile; fileRef = 512F1404276F95E2007298B0 /* UIView+Constraints.swift */; };
		E2E0A753C614B185D1E9FF33 /* Pods_clearscoretest.framework in Frameworks */ = {isa = PBXBuildFile; fileRef = 6B5941C9065B9E0585F1CA89 /* Pods_clearscoretest.framework */; };
/* End PBXBuildFile section */

/* Begin PBXFileReference section */
		512F13D7276F8E4D007298B0 /* clearscoretest.app */ = {isa = PBXFileReference; explicitFileType = wrapper.application; includeInIndex = 0; path = clearscoretest.app; sourceTree = BUILT_PRODUCTS_DIR; };
		512F13DA276F8E4D007298B0 /* AppDelegate.swift */ = {isa = PBXFileReference; lastKnownFileType = sourcecode.swift; path = AppDelegate.swift; sourceTree = "<group>"; };
		512F13DC276F8E4D007298B0 /* SceneDelegate.swift */ = {isa = PBXFileReference; lastKnownFileType = sourcecode.swift; path = SceneDelegate.swift; sourceTree = "<group>"; };
		512F13DE276F8E4D007298B0 /* ViewController.swift */ = {isa = PBXFileReference; lastKnownFileType = sourcecode.swift; path = ViewController.swift; sourceTree = "<group>"; };
		512F13E3276F8E4E007298B0 /* Assets.xcassets */ = {isa = PBXFileReference; lastKnownFileType = folder.assetcatalog; path = Assets.xcassets; sourceTree = "<group>"; };
		512F13E6276F8E4E007298B0 /* Base */ = {isa = PBXFileReference; lastKnownFileType = file.storyboard; name = Base; path = Base.lproj/LaunchScreen.storyboard; sourceTree = "<group>"; };
		512F13E8276F8E4E007298B0 /* Info.plist */ = {isa = PBXFileReference; lastKnownFileType = text.plist.xml; path = Info.plist; sourceTree = "<group>"; };
		512F13F1276F8F75007298B0 /* AppCoordinator.swift */ = {isa = PBXFileReference; lastKnownFileType = sourcecode.swift; path = AppCoordinator.swift; sourceTree = "<group>"; };
		512F13F4276F909C007298B0 /* Colours.xcassets */ = {isa = PBXFileReference; lastKnownFileType = folder.assetcatalog; path = Colours.xcassets; sourceTree = "<group>"; };
		512F13F7276F9123007298B0 /* DashboardViewController.swift */ = {isa = PBXFileReference; lastKnownFileType = sourcecode.swift; path = DashboardViewController.swift; sourceTree = "<group>"; };
		512F13F9276F91DD007298B0 /* Localizable.strings */ = {isa = PBXFileReference; lastKnownFileType = text.plist.strings; path = Localizable.strings; sourceTree = "<group>"; };
		512F13FC276F9231007298B0 /* String+Localisable.swift */ = {isa = PBXFileReference; lastKnownFileType = sourcecode.swift; path = "String+Localisable.swift"; sourceTree = "<group>"; };
		512F1400276F94D3007298B0 /* DashboardScoreView.swift */ = {isa = PBXFileReference; lastKnownFileType = sourcecode.swift; path = DashboardScoreView.swift; sourceTree = "<group>"; };
		512F1402276F950A007298B0 /* ProgressView.swift */ = {isa = PBXFileReference; lastKnownFileType = sourcecode.swift; path = ProgressView.swift; sourceTree = "<group>"; };
		512F1404276F95E2007298B0 /* UIView+Constraints.swift */ = {isa = PBXFileReference; lastKnownFileType = sourcecode.swift; path = "UIView+Constraints.swift"; sourceTree = "<group>"; };
		6B5941C9065B9E0585F1CA89 /* Pods_clearscoretest.framework */ = {isa = PBXFileReference; explicitFileType = wrapper.framework; includeInIndex = 0; path = Pods_clearscoretest.framework; sourceTree = BUILT_PRODUCTS_DIR; };
		E7DFFAE9362F4E8A7A5D3DE8 /* Pods-clearscoretest.debug.xcconfig */ = {isa = PBXFileReference; includeInIndex = 1; lastKnownFileType = text.xcconfig; name = "Pods-clearscoretest.debug.xcconfig"; path = "Target Support Files/Pods-clearscoretest/Pods-clearscoretest.debug.xcconfig"; sourceTree = "<group>"; };
		EC73DD33A05E4502BC9DFFED /* Pods-clearscoretest.release.xcconfig */ = {isa = PBXFileReference; includeInIndex = 1; lastKnownFileType = text.xcconfig; name = "Pods-clearscoretest.release.xcconfig"; path = "Target Support Files/Pods-clearscoretest/Pods-clearscoretest.release.xcconfig"; sourceTree = "<group>"; };
/* End PBXFileReference section */

/* Begin PBXFrameworksBuildPhase section */
		512F13D4276F8E4D007298B0 /* Frameworks */ = {
			isa = PBXFrameworksBuildPhase;
			buildActionMask = 2147483647;
			files = (
				E2E0A753C614B185D1E9FF33 /* Pods_clearscoretest.framework in Frameworks */,
			);
			runOnlyForDeploymentPostprocessing = 0;
		};
/* End PBXFrameworksBuildPhase section */

/* Begin PBXGroup section */
		512F13CE276F8E4D007298B0 = {
			isa = PBXGroup;
			children = (
				512F13D9276F8E4D007298B0 /* clearscoretest */,
				512F13D8276F8E4D007298B0 /* Products */,
				9B9C002F8A9111FEE04141B1 /* Pods */,
				DED8741E258D67D79AD17981 /* Frameworks */,
			);
			sourceTree = "<group>";
		};
		512F13D8276F8E4D007298B0 /* Products */ = {
			isa = PBXGroup;
			children = (
				512F13D7276F8E4D007298B0 /* clearscoretest.app */,
			);
			name = Products;
			sourceTree = "<group>";
		};
		512F13D9276F8E4D007298B0 /* clearscoretest */ = {
			isa = PBXGroup;
			children = (
				512F13F3276F9066007298B0 /* Assets */,
				512F13EE276F8EFC007298B0 /* Coordinators */,
				512F13FB276F9223007298B0 /* Extensions */,
				512F13F0276F8F0F007298B0 /* Views */,
				512F13EF276F8F04007298B0 /* View Controllers */,
				512F13DA276F8E4D007298B0 /* AppDelegate.swift */,
				512F13DC276F8E4D007298B0 /* SceneDelegate.swift */,
				512F13DE276F8E4D007298B0 /* ViewController.swift */,
				512F13E5276F8E4E007298B0 /* LaunchScreen.storyboard */,
				512F13E8276F8E4E007298B0 /* Info.plist */,
			);
			path = clearscoretest;
			sourceTree = "<group>";
		};
		512F13EE276F8EFC007298B0 /* Coordinators */ = {
			isa = PBXGroup;
			children = (
				512F13F1276F8F75007298B0 /* AppCoordinator.swift */,
			);
			path = Coordinators;
			sourceTree = "<group>";
		};
		512F13EF276F8F04007298B0 /* View Controllers */ = {
			isa = PBXGroup;
			children = (
				512F13F6276F9118007298B0 /* Main */,
			);
			path = "View Controllers";
			sourceTree = "<group>";
		};
		512F13F0276F8F0F007298B0 /* Views */ = {
			isa = PBXGroup;
			children = (
				512F13FF276F94C5007298B0 /* Progress */,
				512F13FE276F9498007298B0 /* Dashboard Score */,
			);
			path = Views;
			sourceTree = "<group>";
		};
		512F13F3276F9066007298B0 /* Assets */ = {
			isa = PBXGroup;
			children = (
				512F13E3276F8E4E007298B0 /* Assets.xcassets */,
				512F13F4276F909C007298B0 /* Colours.xcassets */,
				512F13F9276F91DD007298B0 /* Localizable.strings */,
			);
			path = Assets;
			sourceTree = "<group>";
		};
		512F13F6276F9118007298B0 /* Main */ = {
			isa = PBXGroup;
			children = (
				512F13F7276F9123007298B0 /* DashboardViewController.swift */,
			);
			path = Main;
			sourceTree = "<group>";
		};
		512F13FB276F9223007298B0 /* Extensions */ = {
			isa = PBXGroup;
			children = (
				512F13FC276F9231007298B0 /* String+Localisable.swift */,
				512F1404276F95E2007298B0 /* UIView+Constraints.swift */,
			);
			path = Extensions;
			sourceTree = "<group>";
		};
		512F13FE276F9498007298B0 /* Dashboard Score */ = {
			isa = PBXGroup;
			children = (
				512F1400276F94D3007298B0 /* DashboardScoreView.swift */,
			);
			path = "Dashboard Score";
			sourceTree = "<group>";
		};
		512F13FF276F94C5007298B0 /* Progress */ = {
			isa = PBXGroup;
			children = (
				512F1402276F950A007298B0 /* ProgressView.swift */,
			);
			path = Progress;
			sourceTree = "<group>";
		};
		9B9C002F8A9111FEE04141B1 /* Pods */ = {
			isa = PBXGroup;
			children = (
				E7DFFAE9362F4E8A7A5D3DE8 /* Pods-clearscoretest.debug.xcconfig */,
				EC73DD33A05E4502BC9DFFED /* Pods-clearscoretest.release.xcconfig */,
			);
			path = Pods;
			sourceTree = "<group>";
		};
		DED8741E258D67D79AD17981 /* Frameworks */ = {
			isa = PBXGroup;
			children = (
				6B5941C9065B9E0585F1CA89 /* Pods_clearscoretest.framework */,
			);
			name = Frameworks;
			sourceTree = "<group>";
		};
/* End PBXGroup section */

/* Begin PBXNativeTarget section */
		512F13D6276F8E4D007298B0 /* clearscoretest */ = {
			isa = PBXNativeTarget;
			buildConfigurationList = 512F13EB276F8E4E007298B0 /* Build configuration list for PBXNativeTarget "clearscoretest" */;
			buildPhases = (
				492864BF228ADAB832DA0E4D /* [CP] Check Pods Manifest.lock */,
				512F13D3276F8E4D007298B0 /* Sources */,
				512F13D4276F8E4D007298B0 /* Frameworks */,
				512F13D5276F8E4D007298B0 /* Resources */,
			);
			buildRules = (
			);
			dependencies = (
			);
			name = clearscoretest;
			productName = clearscoretest;
			productReference = 512F13D7276F8E4D007298B0 /* clearscoretest.app */;
			productType = "com.apple.product-type.application";
		};
/* End PBXNativeTarget section */

/* Begin PBXProject section */
		512F13CF276F8E4D007298B0 /* Project object */ = {
			isa = PBXProject;
			attributes = {
				BuildIndependentTargetsInParallel = 1;
				LastSwiftUpdateCheck = 1310;
				LastUpgradeCheck = 1310;
				TargetAttributes = {
					512F13D6276F8E4D007298B0 = {
						CreatedOnToolsVersion = 13.1;
					};
				};
			};
			buildConfigurationList = 512F13D2276F8E4D007298B0 /* Build configuration list for PBXProject "clearscoretest" */;
			compatibilityVersion = "Xcode 13.0";
			developmentRegion = en;
			hasScannedForEncodings = 0;
			knownRegions = (
				en,
				Base,
			);
			mainGroup = 512F13CE276F8E4D007298B0;
			productRefGroup = 512F13D8276F8E4D007298B0 /* Products */;
			projectDirPath = "";
			projectRoot = "";
			targets = (
				512F13D6276F8E4D007298B0 /* clearscoretest */,
			);
		};
/* End PBXProject section */

/* Begin PBXResourcesBuildPhase section */
		512F13D5276F8E4D007298B0 /* Resources */ = {
			isa = PBXResourcesBuildPhase;
			buildActionMask = 2147483647;
			files = (
				512F13E7276F8E4E007298B0 /* LaunchScreen.storyboard in Resources */,
				512F13FA276F91DD007298B0 /* Localizable.strings in Resources */,
				512F13E4276F8E4E007298B0 /* Assets.xcassets in Resources */,
				512F13F5276F909C007298B0 /* Colours.xcassets in Resources */,
			);
			runOnlyForDeploymentPostprocessing = 0;
		};
/* End PBXResourcesBuildPhase section */

/* Begin PBXShellScriptBuildPhase section */
		492864BF228ADAB832DA0E4D /* [CP] Check Pods Manifest.lock */ = {
			isa = PBXShellScriptBuildPhase;
			buildActionMask = 2147483647;
			files = (
			);
			inputFileListPaths = (
			);
			inputPaths = (
				"${PODS_PODFILE_DIR_PATH}/Podfile.lock",
				"${PODS_ROOT}/Manifest.lock",
			);
			name = "[CP] Check Pods Manifest.lock";
			outputFileListPaths = (
			);
			outputPaths = (
				"$(DERIVED_FILE_DIR)/Pods-clearscoretest-checkManifestLockResult.txt",
			);
			runOnlyForDeploymentPostprocessing = 0;
			shellPath = /bin/sh;
			shellScript = "diff \"${PODS_PODFILE_DIR_PATH}/Podfile.lock\" \"${PODS_ROOT}/Manifest.lock\" > /dev/null\nif [ $? != 0 ] ; then\n    # print error to STDERR\n    echo \"error: The sandbox is not in sync with the Podfile.lock. Run 'pod install' or update your CocoaPods installation.\" >&2\n    exit 1\nfi\n# This output is used by Xcode 'outputs' to avoid re-running this script phase.\necho \"SUCCESS\" > \"${SCRIPT_OUTPUT_FILE_0}\"\n";
			showEnvVarsInLog = 0;
		};
/* End PBXShellScriptBuildPhase section */

/* Begin PBXSourcesBuildPhase section */
		512F13D3276F8E4D007298B0 /* Sources */ = {
			isa = PBXSourcesBuildPhase;
			buildActionMask = 2147483647;
			files = (
				512F1401276F94D3007298B0 /* DashboardScoreView.swift in Sources */,
				512F13F2276F8F75007298B0 /* AppCoordinator.swift in Sources */,
				512F13DF276F8E4D007298B0 /* ViewController.swift in Sources */,
				512F1405276F95E2007298B0 /* UIView+Constraints.swift in Sources */,
				512F13FD276F9231007298B0 /* String+Localisable.swift in Sources */,
				512F13DB276F8E4D007298B0 /* AppDelegate.swift in Sources */,
				512F1403276F950A007298B0 /* ProgressView.swift in Sources */,
				512F13DD276F8E4D007298B0 /* SceneDelegate.swift in Sources */,
				512F13F8276F9123007298B0 /* DashboardViewController.swift in Sources */,
			);
			runOnlyForDeploymentPostprocessing = 0;
		};
/* End PBXSourcesBuildPhase section */

/* Begin PBXVariantGroup section */
		512F13E5276F8E4E007298B0 /* LaunchScreen.storyboard */ = {
			isa = PBXVariantGroup;
			children = (
				512F13E6276F8E4E007298B0 /* Base */,
			);
			name = LaunchScreen.storyboard;
			sourceTree = "<group>";
		};
/* End PBXVariantGroup section */

/* Begin XCBuildConfiguration section */
		512F13E9276F8E4E007298B0 /* Debug */ = {
			isa = XCBuildConfiguration;
			buildSettings = {
				ALWAYS_SEARCH_USER_PATHS = NO;
				CLANG_ANALYZER_NONNULL = YES;
				CLANG_ANALYZER_NUMBER_OBJECT_CONVERSION = YES_AGGRESSIVE;
				CLANG_CXX_LANGUAGE_STANDARD = "gnu++17";
				CLANG_CXX_LIBRARY = "libc++";
				CLANG_ENABLE_MODULES = YES;
				CLANG_ENABLE_OBJC_ARC = YES;
				CLANG_ENABLE_OBJC_WEAK = YES;
				CLANG_WARN_BLOCK_CAPTURE_AUTORELEASING = YES;
				CLANG_WARN_BOOL_CONVERSION = YES;
				CLANG_WARN_COMMA = YES;
				CLANG_WARN_CONSTANT_CONVERSION = YES;
				CLANG_WARN_DEPRECATED_OBJC_IMPLEMENTATIONS = YES;
				CLANG_WARN_DIRECT_OBJC_ISA_USAGE = YES_ERROR;
				CLANG_WARN_DOCUMENTATION_COMMENTS = YES;
				CLANG_WARN_EMPTY_BODY = YES;
				CLANG_WARN_ENUM_CONVERSION = YES;
				CLANG_WARN_INFINITE_RECURSION = YES;
				CLANG_WARN_INT_CONVERSION = YES;
				CLANG_WARN_NON_LITERAL_NULL_CONVERSION = YES;
				CLANG_WARN_OBJC_IMPLICIT_RETAIN_SELF = YES;
				CLANG_WARN_OBJC_LITERAL_CONVERSION = YES;
				CLANG_WARN_OBJC_ROOT_CLASS = YES_ERROR;
				CLANG_WARN_QUOTED_INCLUDE_IN_FRAMEWORK_HEADER = YES;
				CLANG_WARN_RANGE_LOOP_ANALYSIS = YES;
				CLANG_WARN_STRICT_PROTOTYPES = YES;
				CLANG_WARN_SUSPICIOUS_MOVE = YES;
				CLANG_WARN_UNGUARDED_AVAILABILITY = YES_AGGRESSIVE;
				CLANG_WARN_UNREACHABLE_CODE = YES;
				CLANG_WARN__DUPLICATE_METHOD_MATCH = YES;
				COPY_PHASE_STRIP = NO;
				DEBUG_INFORMATION_FORMAT = dwarf;
				ENABLE_STRICT_OBJC_MSGSEND = YES;
				ENABLE_TESTABILITY = YES;
				GCC_C_LANGUAGE_STANDARD = gnu11;
				GCC_DYNAMIC_NO_PIC = NO;
				GCC_NO_COMMON_BLOCKS = YES;
				GCC_OPTIMIZATION_LEVEL = 0;
				GCC_PREPROCESSOR_DEFINITIONS = (
					"DEBUG=1",
					"$(inherited)",
				);
				GCC_WARN_64_TO_32_BIT_CONVERSION = YES;
				GCC_WARN_ABOUT_RETURN_TYPE = YES_ERROR;
				GCC_WARN_UNDECLARED_SELECTOR = YES;
				GCC_WARN_UNINITIALIZED_AUTOS = YES_AGGRESSIVE;
				GCC_WARN_UNUSED_FUNCTION = YES;
				GCC_WARN_UNUSED_VARIABLE = YES;
				IPHONEOS_DEPLOYMENT_TARGET = 15.0;
				MTL_ENABLE_DEBUG_INFO = INCLUDE_SOURCE;
				MTL_FAST_MATH = YES;
				ONLY_ACTIVE_ARCH = YES;
				SDKROOT = iphoneos;
				SWIFT_ACTIVE_COMPILATION_CONDITIONS = DEBUG;
				SWIFT_OPTIMIZATION_LEVEL = "-Onone";
			};
			name = Debug;
		};
		512F13EA276F8E4E007298B0 /* Release */ = {
			isa = XCBuildConfiguration;
			buildSettings = {
				ALWAYS_SEARCH_USER_PATHS = NO;
				CLANG_ANALYZER_NONNULL = YES;
				CLANG_ANALYZER_NUMBER_OBJECT_CONVERSION = YES_AGGRESSIVE;
				CLANG_CXX_LANGUAGE_STANDARD = "gnu++17";
				CLANG_CXX_LIBRARY = "libc++";
				CLANG_ENABLE_MODULES = YES;
				CLANG_ENABLE_OBJC_ARC = YES;
				CLANG_ENABLE_OBJC_WEAK = YES;
				CLANG_WARN_BLOCK_CAPTURE_AUTORELEASING = YES;
				CLANG_WARN_BOOL_CONVERSION = YES;
				CLANG_WARN_COMMA = YES;
				CLANG_WARN_CONSTANT_CONVERSION = YES;
				CLANG_WARN_DEPRECATED_OBJC_IMPLEMENTATIONS = YES;
				CLANG_WARN_DIRECT_OBJC_ISA_USAGE = YES_ERROR;
				CLANG_WARN_DOCUMENTATION_COMMENTS = YES;
				CLANG_WARN_EMPTY_BODY = YES;
				CLANG_WARN_ENUM_CONVERSION = YES;
				CLANG_WARN_INFINITE_RECURSION = YES;
				CLANG_WARN_INT_CONVERSION = YES;
				CLANG_WARN_NON_LITERAL_NULL_CONVERSION = YES;
				CLANG_WARN_OBJC_IMPLICIT_RETAIN_SELF = YES;
				CLANG_WARN_OBJC_LITERAL_CONVERSION = YES;
				CLANG_WARN_OBJC_ROOT_CLASS = YES_ERROR;
				CLANG_WARN_QUOTED_INCLUDE_IN_FRAMEWORK_HEADER = YES;
				CLANG_WARN_RANGE_LOOP_ANALYSIS = YES;
				CLANG_WARN_STRICT_PROTOTYPES = YES;
				CLANG_WARN_SUSPICIOUS_MOVE = YES;
				CLANG_WARN_UNGUARDED_AVAILABILITY = YES_AGGRESSIVE;
				CLANG_WARN_UNREACHABLE_CODE = YES;
				CLANG_WARN__DUPLICATE_METHOD_MATCH = YES;
				COPY_PHASE_STRIP = NO;
				DEBUG_INFORMATION_FORMAT = "dwarf-with-dsym";
				ENABLE_NS_ASSERTIONS = NO;
				ENABLE_STRICT_OBJC_MSGSEND = YES;
				GCC_C_LANGUAGE_STANDARD = gnu11;
				GCC_NO_COMMON_BLOCKS = YES;
				GCC_WARN_64_TO_32_BIT_CONVERSION = YES;
				GCC_WARN_ABOUT_RETURN_TYPE = YES_ERROR;
				GCC_WARN_UNDECLARED_SELECTOR = YES;
				GCC_WARN_UNINITIALIZED_AUTOS = YES_AGGRESSIVE;
				GCC_WARN_UNUSED_FUNCTION = YES;
				GCC_WARN_UNUSED_VARIABLE = YES;
				IPHONEOS_DEPLOYMENT_TARGET = 15.0;
				MTL_ENABLE_DEBUG_INFO = NO;
				MTL_FAST_MATH = YES;
				SDKROOT = iphoneos;
				SWIFT_COMPILATION_MODE = wholemodule;
				SWIFT_OPTIMIZATION_LEVEL = "-O";
				VALIDATE_PRODUCT = YES;
			};
			name = Release;
		};
		512F13EC276F8E4E007298B0 /* Debug */ = {
			isa = XCBuildConfiguration;
			baseConfigurationReference = E7DFFAE9362F4E8A7A5D3DE8 /* Pods-clearscoretest.debug.xcconfig */;
			buildSettings = {
				ASSETCATALOG_COMPILER_APPICON_NAME = AppIcon;
				ASSETCATALOG_COMPILER_GLOBAL_ACCENT_COLOR_NAME = AccentColor;
				CODE_SIGN_STYLE = Automatic;
				CURRENT_PROJECT_VERSION = 1;
				GENERATE_INFOPLIST_FILE = YES;
				INFOPLIST_FILE = clearscoretest/Info.plist;
				INFOPLIST_KEY_UIApplicationSupportsIndirectInputEvents = YES;
				INFOPLIST_KEY_UILaunchStoryboardName = LaunchScreen;
				INFOPLIST_KEY_UISupportedInterfaceOrientations_iPad = "UIInterfaceOrientationPortrait UIInterfaceOrientationPortraitUpsideDown UIInterfaceOrientationLandscapeLeft UIInterfaceOrientationLandscapeRight";
				INFOPLIST_KEY_UISupportedInterfaceOrientations_iPhone = "UIInterfaceOrientationPortrait UIInterfaceOrientationLandscapeLeft UIInterfaceOrientationLandscapeRight";
				LD_RUNPATH_SEARCH_PATHS = (
					"$(inherited)",
					"@executable_path/Frameworks",
				);
				MARKETING_VERSION = 1.0;
				PRODUCT_BUNDLE_IDENTIFIER = com.dillonhoa.clearscoretest;
				PRODUCT_NAME = "$(TARGET_NAME)";
				SWIFT_EMIT_LOC_STRINGS = YES;
				SWIFT_VERSION = 5.0;
				TARGETED_DEVICE_FAMILY = "1,2";
			};
			name = Debug;
		};
		512F13ED276F8E4E007298B0 /* Release */ = {
			isa = XCBuildConfiguration;
			baseConfigurationReference = EC73DD33A05E4502BC9DFFED /* Pods-clearscoretest.release.xcconfig */;
			buildSettings = {
				ASSETCATALOG_COMPILER_APPICON_NAME = AppIcon;
				ASSETCATALOG_COMPILER_GLOBAL_ACCENT_COLOR_NAME = AccentColor;
				CODE_SIGN_STYLE = Automatic;
				CURRENT_PROJECT_VERSION = 1;
				GENERATE_INFOPLIST_FILE = YES;
				INFOPLIST_FILE = clearscoretest/Info.plist;
				INFOPLIST_KEY_UIApplicationSupportsIndirectInputEvents = YES;
				INFOPLIST_KEY_UILaunchStoryboardName = LaunchScreen;
				INFOPLIST_KEY_UISupportedInterfaceOrientations_iPad = "UIInterfaceOrientationPortrait UIInterfaceOrientationPortraitUpsideDown UIInterfaceOrientationLandscapeLeft UIInterfaceOrientationLandscapeRight";
				INFOPLIST_KEY_UISupportedInterfaceOrientations_iPhone = "UIInterfaceOrientationPortrait UIInterfaceOrientationLandscapeLeft UIInterfaceOrientationLandscapeRight";
				LD_RUNPATH_SEARCH_PATHS = (
					"$(inherited)",
					"@executable_path/Frameworks",
				);
				MARKETING_VERSION = 1.0;
				PRODUCT_BUNDLE_IDENTIFIER = com.dillonhoa.clearscoretest;
				PRODUCT_NAME = "$(TARGET_NAME)";
				SWIFT_EMIT_LOC_STRINGS = YES;
				SWIFT_VERSION = 5.0;
				TARGETED_DEVICE_FAMILY = "1,2";
			};
			name = Release;
		};
/* End XCBuildConfiguration section */

/* Begin XCConfigurationList section */
		512F13D2276F8E4D007298B0 /* Build configuration list for PBXProject "clearscoretest" */ = {
			isa = XCConfigurationList;
			buildConfigurations = (
				512F13E9276F8E4E007298B0 /* Debug */,
				512F13EA276F8E4E007298B0 /* Release */,
			);
			defaultConfigurationIsVisible = 0;
			defaultConfigurationName = Release;
		};
		512F13EB276F8E4E007298B0 /* Build configuration list for PBXNativeTarget "clearscoretest" */ = {
			isa = XCConfigurationList;
			buildConfigurations = (
				512F13EC276F8E4E007298B0 /* Debug */,
				512F13ED276F8E4E007298B0 /* Release */,
			);
			defaultConfigurationIsVisible = 0;
			defaultConfigurationName = Release;
		};
/* End XCConfigurationList section */
	};
	rootObject = 512F13CF276F8E4D007298B0 /* Project object */;
}
